
Microsoft Visual Studio Solution File, Format Version 12.00
# Visual Studio 15
VisualStudioVersion = 15.0.28307.329
MinimumVisualStudioVersion = 10.0.40219.1
Project("{FAE04EC0-301F-11D3-BF4B-00C04F79EFBC}") = "PasswordAgeColumn", "PasswordAgeColumn\PasswordAgeColumn.csproj", "{2960FDF2-9668-48AF-AC52-DC41597FBD00}"
EndProject
Global
	GlobalSection(SolutionConfigurationPlatforms) = preSolution
		Debug|Any CPU = Debug|Any CPU
		Release|Any CPU = Release|Any CPU
	EndGlobalSection
	GlobalSection(ProjectConfigurationPlatforms) = postSolution
		{2960FDF2-9668-48AF-AC52-DC41597FBD00}.Debug|Any CPU.ActiveCfg = Debug|Any CPU
		{2960FDF2-9668-48AF-AC52-DC41597FBD00}.Debug|Any CPU.Build.0 = Debug|Any CPU
		{2960FDF2-9668-48AF-AC52-DC41597FBD00}.Release|Any CPU.ActiveCfg = Release|Any CPU
		{2960FDF2-9668-48AF-AC52-DC41597FBD00}.Release|Any CPU.Build.0 = Release|Any CPU
	EndGlobalSection
	GlobalSection(SolutionProperties) = preSolution
		HideSolutionNode = FALSE
	EndGlobalSection
	GlobalSection(ExtensibilityGlobals) = postSolution
		SolutionGuid = {CE3C4044-DE8D-4D1C-9C7A-41B02A5C61E0}
	EndGlobalSection
EndGlobal
